%{"eleveldb": {:hex, :eleveldb, "2.2.20", "1fff63a5055bbf4bf821f797ef76065882b193f5e8095f95fcd9287187773b58", [:rebar3], [], "hexpm"},
  "exleveldb": {:hex, :exleveldb, "0.11.1", "37c0414208a50d2419d8246305e6c4a33ed339c25c0bdfa27774795e1e089f7b", [:mix], [{:eleveldb, "~> 2.2.19", [hex: :eleveldb, repo: "hexpm", optional: false]}], "hexpm"},
  "hex2bin": {:hex, :hex2bin, "1.0.0", "aac26eab998ae80eacee1c7607c629ab503ebf77a62b9242bae2b94d47dcb71e", [:rebar3], [], "hexpm"},
  "keccak": {:hex, :keccak, "2.0.0", "bb5a84544591d52eb5bf4d9edba767c5cfb6f8523ed70cc7a38082d53ca32be7", [:rebar3], [{:hex2bin, "1.0.0", [hex: :hex2bin, repo: "hexpm", optional: false]}], "hexpm"},
  "keccakf1600": {:hex, :keccakf1600, "2.0.0", "69d02d844a101bf3c75484c9e334fd04b0f57280727e881cac3bd8240432f43a", [:rebar3], [], "hexpm"},
  "libsecp256k1": {:git, "https://github.com/mbrix/libsecp256k1.git", "671be513a6c19db47fbeea0ceefbf61421d196cc", []},
  "sha3": {:hex, :sha3, "2.0.0", "fbe5db75a8389fdc810b682446c053b91e591d38d5422808f3a702ed2b270515", [:rebar3], [{:hex2bin, "1.0.0", [hex: :hex2bin, repo: "hexpm", optional: false]}], "hexpm"}}
